
Microsoft Visual Studio Solution File, Format Version 12.00
# Visual Studio Version 17
VisualStudioVersion = 17.4.33213.308
MinimumVisualStudioVersion = 10.0.40219.1
Project("{FAE04EC0-301F-11D3-BF4B-00C04F79EFBC}") = "5. dll", "5. dll\5. dll.csproj", "{8A439384-7098-4FC4-B32F-A785309955ED}"
EndProject
Global
	GlobalSection(SolutionConfigurationPlatforms) = preSolution
		Debug|Any CPU = Debug|Any CPU
		Release|Any CPU = Release|Any CPU
	EndGlobalSection
	GlobalSection(ProjectConfigurationPlatforms) = postSolution
		{8A439384-7098-4FC4-B32F-A785309955ED}.Debug|Any CPU.ActiveCfg = Debug|Any CPU
		{8A439384-7098-4FC4-B32F-A785309955ED}.Debug|Any CPU.Build.0 = Debug|Any CPU
		{8A439384-7098-4FC4-B32F-A785309955ED}.Release|Any CPU.ActiveCfg = Release|Any CPU
		{8A439384-7098-4FC4-B32F-A785309955ED}.Release|Any CPU.Build.0 = Release|Any CPU
	EndGlobalSection
	GlobalSection(SolutionProperties) = preSolution
		HideSolutionNode = FALSE
	EndGlobalSection
	GlobalSection(ExtensibilityGlobals) = postSolution
		SolutionGuid = {94DD2067-E159-4492-9EC5-A55072919028}
	EndGlobalSection
EndGlobal
