
Microsoft Visual Studio Solution File, Format Version 12.00
# Visual Studio Version 17
VisualStudioVersion = 17.4.33213.308
MinimumVisualStudioVersion = 10.0.40219.1
Project("{FAE04EC0-301F-11D3-BF4B-00C04F79EFBC}") = "6. Окна", "6. Окна\6. Окна.csproj", "{5D61F6DB-5BF6-4A3C-BDF6-372248CD4CDA}"
EndProject
Global
	GlobalSection(SolutionConfigurationPlatforms) = preSolution
		Debug|Any CPU = Debug|Any CPU
		Release|Any CPU = Release|Any CPU
	EndGlobalSection
	GlobalSection(ProjectConfigurationPlatforms) = postSolution
		{5D61F6DB-5BF6-4A3C-BDF6-372248CD4CDA}.Debug|Any CPU.ActiveCfg = Debug|Any CPU
		{5D61F6DB-5BF6-4A3C-BDF6-372248CD4CDA}.Debug|Any CPU.Build.0 = Debug|Any CPU
		{5D61F6DB-5BF6-4A3C-BDF6-372248CD4CDA}.Release|Any CPU.ActiveCfg = Release|Any CPU
		{5D61F6DB-5BF6-4A3C-BDF6-372248CD4CDA}.Release|Any CPU.Build.0 = Release|Any CPU
	EndGlobalSection
	GlobalSection(SolutionProperties) = preSolution
		HideSolutionNode = FALSE
	EndGlobalSection
	GlobalSection(ExtensibilityGlobals) = postSolution
		SolutionGuid = {F5EA3190-9B3F-4ED3-BAC3-4DC9497D6D0D}
	EndGlobalSection
EndGlobal
